
Microsoft Visual Studio Solution File, Format Version 12.00
# Visual Studio 15
VisualStudioVersion = 15.0.28307.168
MinimumVisualStudioVersion = 10.0.40219.1
Project("{FAE04EC0-301F-11D3-BF4B-00C04F79EFBC}") = "HelloWorld", "HelloWorld\HelloWorld.csproj", "{CA44688A-D861-4A54-8D2D-EB1D216CFD75}"
EndProject
Global
	GlobalSection(SolutionConfigurationPlatforms) = preSolution
		Debug|Any CPU = Debug|Any CPU
		Release|Any CPU = Release|Any CPU
	EndGlobalSection
	GlobalSection(ProjectConfigurationPlatforms) = postSolution
		{CA44688A-D861-4A54-8D2D-EB1D216CFD75}.Debug|Any CPU.ActiveCfg = Debug|Any CPU
		{CA44688A-D861-4A54-8D2D-EB1D216CFD75}.Debug|Any CPU.Build.0 = Debug|Any CPU
		{CA44688A-D861-4A54-8D2D-EB1D216CFD75}.Release|Any CPU.ActiveCfg = Release|Any CPU
		{CA44688A-D861-4A54-8D2D-EB1D216CFD75}.Release|Any CPU.Build.0 = Release|Any CPU
	EndGlobalSection
	GlobalSection(SolutionProperties) = preSolution
		HideSolutionNode = FALSE
	EndGlobalSection
	GlobalSection(ExtensibilityGlobals) = postSolution
		SolutionGuid = {02DE454A-759E-4DBA-9FB7-7A467C201954}
	EndGlobalSection
EndGlobal
